
Microsoft Visual Studio Solution File, Format Version 12.00
# Visual Studio Version 17
VisualStudioVersion = 17.11.35312.102
MinimumVisualStudioVersion = 10.0.40219.1
Project("{FAE04EC0-301F-11D3-BF4B-00C04F79EFBC}") = "PotholeSeverity.Classifier", "PotholeSeverity.Classifier\PotholeSeverity.Classifier.csproj", "{89785384-EF51-4A84-997C-B778F6E636DE}"
EndProject
Project("{FAE04EC0-301F-11D3-BF4B-00C04F79EFBC}") = "PotholeSeverity.Api", "PotholeSeverity.Api\PotholeSeverity.Api.csproj", "{7A518CCC-0516-4B31-BC84-D8474872DE64}"
EndProject
Project("{FAE04EC0-301F-11D3-BF4B-00C04F79EFBC}") = "PotholeSeverity.Application", "PotholeSeverity.Application\PotholeSeverity.Application.csproj", "{D8E2B55F-C24B-4387-BC56-256C07DD6C40}"
EndProject
Global
	GlobalSection(SolutionConfigurationPlatforms) = preSolution
		Debug|Any CPU = Debug|Any CPU
		Release|Any CPU = Release|Any CPU
	EndGlobalSection
	GlobalSection(ProjectConfigurationPlatforms) = postSolution
		{89785384-EF51-4A84-997C-B778F6E636DE}.Debug|Any CPU.ActiveCfg = Debug|Any CPU
		{89785384-EF51-4A84-997C-B778F6E636DE}.Debug|Any CPU.Build.0 = Debug|Any CPU
		{89785384-EF51-4A84-997C-B778F6E636DE}.Release|Any CPU.ActiveCfg = Release|Any CPU
		{89785384-EF51-4A84-997C-B778F6E636DE}.Release|Any CPU.Build.0 = Release|Any CPU
		{7A518CCC-0516-4B31-BC84-D8474872DE64}.Debug|Any CPU.ActiveCfg = Debug|Any CPU
		{7A518CCC-0516-4B31-BC84-D8474872DE64}.Debug|Any CPU.Build.0 = Debug|Any CPU
		{7A518CCC-0516-4B31-BC84-D8474872DE64}.Release|Any CPU.ActiveCfg = Release|Any CPU
		{7A518CCC-0516-4B31-BC84-D8474872DE64}.Release|Any CPU.Build.0 = Release|Any CPU
		{D8E2B55F-C24B-4387-BC56-256C07DD6C40}.Debug|Any CPU.ActiveCfg = Debug|Any CPU
		{D8E2B55F-C24B-4387-BC56-256C07DD6C40}.Debug|Any CPU.Build.0 = Debug|Any CPU
		{D8E2B55F-C24B-4387-BC56-256C07DD6C40}.Release|Any CPU.ActiveCfg = Release|Any CPU
		{D8E2B55F-C24B-4387-BC56-256C07DD6C40}.Release|Any CPU.Build.0 = Release|Any CPU
	EndGlobalSection
	GlobalSection(SolutionProperties) = preSolution
		HideSolutionNode = FALSE
	EndGlobalSection
	GlobalSection(ExtensibilityGlobals) = postSolution
		SolutionGuid = {C96DF530-5B4F-4CE2-ABF2-3864A2208374}
	EndGlobalSection
EndGlobal
